// !$*UTF8*$!
{
	archiveVersion = 1;
	classes = {
	};
	objectVersion = 52;
	objects = {

/* Begin PBXBuildFile section */
		303A3E0C27DE37F200BC8D02 /* AppDelegate.swift in Sources */ = {isa = PBXBuildFile; fileRef = 303A3E0B27DE37F200BC8D02 /* AppDelegate.swift */; };
		303A3E0E27DE37F200BC8D02 /* SceneDelegate.swift in Sources */ = {isa = PBXBuildFile; fileRef = 303A3E0D27DE37F200BC8D02 /* SceneDelegate.swift */; };
		303A3E1027DE37F200BC8D02 /* ViewController.swift in Sources */ = {isa = PBXBuildFile; fileRef = 303A3E0F27DE37F200BC8D02 /* ViewController.swift */; };
		303A3E1327DE37F200BC8D02 /* Main.storyboard in Resources */ = {isa = PBXBuildFile; fileRef = 303A3E1127DE37F200BC8D02 /* Main.storyboard */; };
		303A3E1527DE37F300BC8D02 /* Assets.xcassets in Resources */ = {isa = PBXBuildFile; fileRef = 303A3E1427DE37F300BC8D02 /* Assets.xcassets */; };
		303A3E1827DE37F300BC8D02 /* LaunchScreen.storyboard in Resources */ = {isa = PBXBuildFile; fileRef = 303A3E1627DE37F300BC8D02 /* LaunchScreen.storyboard */; };
		303A3E2627DE388800BC8D02 /* MainTabController.swift in Sources */ = {isa = PBXBuildFile; fileRef = 303A3E2527DE388800BC8D02 /* MainTabController.swift */; };
		303A3E2927DE395D00BC8D02 /* LoginController.swift in Sources */ = {isa = PBXBuildFile; fileRef = 303A3E2827DE395D00BC8D02 /* LoginController.swift */; };
		303A3E2B27DE399B00BC8D02 /* RegistrationController.swift in Sources */ = {isa = PBXBuildFile; fileRef = 303A3E2A27DE399B00BC8D02 /* RegistrationController.swift */; };
		303A3E2D27DE39FF00BC8D02 /* CharactersController.swift in Sources */ = {isa = PBXBuildFile; fileRef = 303A3E2C27DE39FF00BC8D02 /* CharactersController.swift */; };
		303A3E2F27DE3A2500BC8D02 /* MarvelEventsController.swift in Sources */ = {isa = PBXBuildFile; fileRef = 303A3E2E27DE3A2500BC8D02 /* MarvelEventsController.swift */; };
		303A3E3127DE3A4200BC8D02 /* ProfileController.swift in Sources */ = {isa = PBXBuildFile; fileRef = 303A3E3027DE3A4200BC8D02 /* ProfileController.swift */; };
		303A3E3327DE3A8900BC8D02 /* Extensions.swift in Sources */ = {isa = PBXBuildFile; fileRef = 303A3E3227DE3A8900BC8D02 /* Extensions.swift */; };
		303A3E3527DE3A9000BC8D02 /* Constants.swift in Sources */ = {isa = PBXBuildFile; fileRef = 303A3E3427DE3A9000BC8D02 /* Constants.swift */; };
		303A3E3827DE3F0800BC8D02 /* FirebaseStorage in Frameworks */ = {isa = PBXBuildFile; productRef = 303A3E3727DE3F0800BC8D02 /* FirebaseStorage */; };
		303A3E3A27DE3F0800BC8D02 /* FirebaseAuth in Frameworks */ = {isa = PBXBuildFile; productRef = 303A3E3927DE3F0800BC8D02 /* FirebaseAuth */; };
		303A3E3C27DE3F0800BC8D02 /* FirebaseFirestore in Frameworks */ = {isa = PBXBuildFile; productRef = 303A3E3B27DE3F0800BC8D02 /* FirebaseFirestore */; };
		303A3E3E27DE3F0800BC8D02 /* FirebaseDatabase in Frameworks */ = {isa = PBXBuildFile; productRef = 303A3E3D27DE3F0800BC8D02 /* FirebaseDatabase */; };
		303A3E4127DE3F4A00BC8D02 /* SDWebImage in Frameworks */ = {isa = PBXBuildFile; productRef = 303A3E4027DE3F4A00BC8D02 /* SDWebImage */; };
		30B0725F27E7F291003B14AA /* MarvelResponse.swift in Sources */ = {isa = PBXBuildFile; fileRef = 30B0725E27E7F291003B14AA /* MarvelResponse.swift */; };
		30B0726127E7F3FF003B14AA /* DataManager.swift in Sources */ = {isa = PBXBuildFile; fileRef = 30B0726027E7F3FF003B14AA /* DataManager.swift */; };
		30B0726327E7FBA1003B14AA /* MarvelCharacterListViewModel.swift in Sources */ = {isa = PBXBuildFile; fileRef = 30B0726227E7FBA1003B14AA /* MarvelCharacterListViewModel.swift */; };
		30B0726527E7FBAF003B14AA /* MarvelCharacterViewModel.swift in Sources */ = {isa = PBXBuildFile; fileRef = 30B0726427E7FBAF003B14AA /* MarvelCharacterViewModel.swift */; };
		30C6FCBE27DE60E200F88ED0 /* CustomTextField.swift in Sources */ = {isa = PBXBuildFile; fileRef = 30C6FCBD27DE60E200F88ED0 /* CustomTextField.swift */; };
		30C6FCC027DED73400F88ED0 /* CharacterCell.swift in Sources */ = {isa = PBXBuildFile; fileRef = 30C6FCBF27DED73400F88ED0 /* CharacterCell.swift */; };
		30C6FCC827DF76BA00F88ED0 /* EventCell.swift in Sources */ = {isa = PBXBuildFile; fileRef = 30C6FCC627DF76B900F88ED0 /* EventCell.swift */; };
		30C6FCC927DF76BA00F88ED0 /* EventCell.xib in Resources */ = {isa = PBXBuildFile; fileRef = 30C6FCC727DF76B900F88ED0 /* EventCell.xib */; };
		30C6FCCC27DFB49E00F88ED0 /* ProfileCell.swift in Sources */ = {isa = PBXBuildFile; fileRef = 30C6FCCB27DFB49E00F88ED0 /* ProfileCell.swift */; };
		30C6FCCE27DFB4AB00F88ED0 /* ProfileHeader.swift in Sources */ = {isa = PBXBuildFile; fileRef = 30C6FCCD27DFB4AB00F88ED0 /* ProfileHeader.swift */; };
		30C6FCD227DFCDE600F88ED0 /* CharacterDetailViewController.swift in Sources */ = {isa = PBXBuildFile; fileRef = 30C6FCD027DFCDE600F88ED0 /* CharacterDetailViewController.swift */; };
		30C6FCD327DFCDE600F88ED0 /* CharacterDetailViewController.xib in Resources */ = {isa = PBXBuildFile; fileRef = 30C6FCD127DFCDE600F88ED0 /* CharacterDetailViewController.xib */; };
		30C6FCDB27E022F500F88ED0 /* AuthService.swift in Sources */ = {isa = PBXBuildFile; fileRef = 30C6FCDA27E022F500F88ED0 /* AuthService.swift */; };
		30C6FCDD27E0237A00F88ED0 /* AuthCredentialsModel.swift in Sources */ = {isa = PBXBuildFile; fileRef = 30C6FCDC27E0237A00F88ED0 /* AuthCredentialsModel.swift */; };
		30C6FCDF27E026E200F88ED0 /* AuthenticationViewModel.swift in Sources */ = {isa = PBXBuildFile; fileRef = 30C6FCDE27E026E200F88ED0 /* AuthenticationViewModel.swift */; };
		30C6FCE127E02DEE00F88ED0 /* User.swift in Sources */ = {isa = PBXBuildFile; fileRef = 30C6FCE027E02DEE00F88ED0 /* User.swift */; };
		30C6FCE527E0303F00F88ED0 /* UserService.swift in Sources */ = {isa = PBXBuildFile; fileRef = 30C6FCE427E0303F00F88ED0 /* UserService.swift */; };
		AF54A0DB295B212A002073CB /* EventDetail.swift in Sources */ = {isa = PBXBuildFile; fileRef = AF54A0DA295B212A002073CB /* EventDetail.swift */; };
		AF54A0DE295B229B002073CB /* AsyncImage.swift in Sources */ = {isa = PBXBuildFile; fileRef = AF54A0DD295B229B002073CB /* AsyncImage.swift */; };
		AFFF5A9C294D3A6A00F46725 /* GoogleService-Info.plist in Resources */ = {isa = PBXBuildFile; fileRef = AFFF5A9B294D3A6A00F46725 /* GoogleService-Info.plist */; };
		AFFF5A9E294D562700F46725 /* EventResponse.swift in Sources */ = {isa = PBXBuildFile; fileRef = AFFF5A9D294D562700F46725 /* EventResponse.swift */; };
		AFFF8491294D5B8700B09100 /* MarvelEventListViewModel.swift in Sources */ = {isa = PBXBuildFile; fileRef = AFFF8490294D5B8700B09100 /* MarvelEventListViewModel.swift */; };
		AFFF8493294D5C0400B09100 /* MarvelEventViewModel.swift in Sources */ = {isa = PBXBuildFile; fileRef = AFFF8492294D5C0400B09100 /* MarvelEventViewModel.swift */; };
/* End PBXBuildFile section */

/* Begin PBXFileReference section */
		303A3E0827DE37F200BC8D02 /* MarvelApp.app */ = {isa = PBXFileReference; explicitFileType = wrapper.application; includeInIndex = 0; path = MarvelApp.app; sourceTree = BUILT_PRODUCTS_DIR; };
		303A3E0B27DE37F200BC8D02 /* AppDelegate.swift */ = {isa = PBXFileReference; lastKnownFileType = sourcecode.swift; path = AppDelegate.swift; sourceTree = "<group>"; };
		303A3E0D27DE37F200BC8D02 /* SceneDelegate.swift */ = {isa = PBXFileReference; lastKnownFileType = sourcecode.swift; path = SceneDelegate.swift; sourceTree = "<group>"; };
		303A3E0F27DE37F200BC8D02 /* ViewController.swift */ = {isa = PBXFileReference; lastKnownFileType = sourcecode.swift; path = ViewController.swift; sourceTree = "<group>"; };
		303A3E1227DE37F200BC8D02 /* Base */ = {isa = PBXFileReference; lastKnownFileType = file.storyboard; name = Base; path = Base.lproj/Main.storyboard; sourceTree = "<group>"; };
		303A3E1427DE37F300BC8D02 /* Assets.xcassets */ = {isa = PBXFileReference; lastKnownFileType = folder.assetcatalog; path = Assets.xcassets; sourceTree = "<group>"; };
		303A3E1727DE37F300BC8D02 /* Base */ = {isa = PBXFileReference; lastKnownFileType = file.storyboard; name = Base; path = Base.lproj/LaunchScreen.storyboard; sourceTree = "<group>"; };
		303A3E1927DE37F300BC8D02 /* Info.plist */ = {isa = PBXFileReference; lastKnownFileType = text.plist.xml; path = Info.plist; sourceTree = "<group>"; };
		303A3E2527DE388800BC8D02 /* MainTabController.swift */ = {isa = PBXFileReference; lastKnownFileType = sourcecode.swift; path = MainTabController.swift; sourceTree = "<group>"; };
		303A3E2827DE395D00BC8D02 /* LoginController.swift */ = {isa = PBXFileReference; lastKnownFileType = sourcecode.swift; path = LoginController.swift; sourceTree = "<group>"; };
		303A3E2A27DE399B00BC8D02 /* RegistrationController.swift */ = {isa = PBXFileReference; lastKnownFileType = sourcecode.swift; path = RegistrationController.swift; sourceTree = "<group>"; };
		303A3E2C27DE39FF00BC8D02 /* CharactersController.swift */ = {isa = PBXFileReference; lastKnownFileType = sourcecode.swift; path = CharactersController.swift; sourceTree = "<group>"; };
		303A3E2E27DE3A2500BC8D02 /* MarvelEventsController.swift */ = {isa = PBXFileReference; lastKnownFileType = sourcecode.swift; path = MarvelEventsController.swift; sourceTree = "<group>"; };
		303A3E3027DE3A4200BC8D02 /* ProfileController.swift */ = {isa = PBXFileReference; lastKnownFileType = sourcecode.swift; path = ProfileController.swift; sourceTree = "<group>"; };
		303A3E3227DE3A8900BC8D02 /* Extensions.swift */ = {isa = PBXFileReference; lastKnownFileType = sourcecode.swift; path = Extensions.swift; sourceTree = "<group>"; };
		303A3E3427DE3A9000BC8D02 /* Constants.swift */ = {isa = PBXFileReference; lastKnownFileType = sourcecode.swift; path = Constants.swift; sourceTree = "<group>"; };
		30B0725E27E7F291003B14AA /* MarvelResponse.swift */ = {isa = PBXFileReference; lastKnownFileType = sourcecode.swift; path = MarvelResponse.swift; sourceTree = "<group>"; };
		30B0726027E7F3FF003B14AA /* DataManager.swift */ = {isa = PBXFileReference; lastKnownFileType = sourcecode.swift; path = DataManager.swift; sourceTree = "<group>"; };
		30B0726227E7FBA1003B14AA /* MarvelCharacterListViewModel.swift */ = {isa = PBXFileReference; lastKnownFileType = sourcecode.swift; path = MarvelCharacterListViewModel.swift; sourceTree = "<group>"; };
		30B0726427E7FBAF003B14AA /* MarvelCharacterViewModel.swift */ = {isa = PBXFileReference; lastKnownFileType = sourcecode.swift; path = MarvelCharacterViewModel.swift; sourceTree = "<group>"; };
		30C6FCBD27DE60E200F88ED0 /* CustomTextField.swift */ = {isa = PBXFileReference; lastKnownFileType = sourcecode.swift; path = CustomTextField.swift; sourceTree = "<group>"; };
		30C6FCBF27DED73400F88ED0 /* CharacterCell.swift */ = {isa = PBXFileReference; lastKnownFileType = sourcecode.swift; path = CharacterCell.swift; sourceTree = "<group>"; };
		30C6FCC627DF76B900F88ED0 /* EventCell.swift */ = {isa = PBXFileReference; lastKnownFileType = sourcecode.swift; path = EventCell.swift; sourceTree = "<group>"; };
		30C6FCC727DF76B900F88ED0 /* EventCell.xib */ = {isa = PBXFileReference; lastKnownFileType = file.xib; path = EventCell.xib; sourceTree = "<group>"; };
		30C6FCCB27DFB49E00F88ED0 /* ProfileCell.swift */ = {isa = PBXFileReference; lastKnownFileType = sourcecode.swift; path = ProfileCell.swift; sourceTree = "<group>"; };
		30C6FCCD27DFB4AB00F88ED0 /* ProfileHeader.swift */ = {isa = PBXFileReference; lastKnownFileType = sourcecode.swift; path = ProfileHeader.swift; sourceTree = "<group>"; };
		30C6FCD027DFCDE600F88ED0 /* CharacterDetailViewController.swift */ = {isa = PBXFileReference; lastKnownFileType = sourcecode.swift; path = CharacterDetailViewController.swift; sourceTree = "<group>"; };
		30C6FCD127DFCDE600F88ED0 /* CharacterDetailViewController.xib */ = {isa = PBXFileReference; lastKnownFileType = file.xib; path = CharacterDetailViewController.xib; sourceTree = "<group>"; };
		30C6FCDA27E022F500F88ED0 /* AuthService.swift */ = {isa = PBXFileReference; lastKnownFileType = sourcecode.swift; path = AuthService.swift; sourceTree = "<group>"; };
		30C6FCDC27E0237A00F88ED0 /* AuthCredentialsModel.swift */ = {isa = PBXFileReference; lastKnownFileType = sourcecode.swift; path = AuthCredentialsModel.swift; sourceTree = "<group>"; };
		30C6FCDE27E026E200F88ED0 /* AuthenticationViewModel.swift */ = {isa = PBXFileReference; lastKnownFileType = sourcecode.swift; path = AuthenticationViewModel.swift; sourceTree = "<group>"; };
		30C6FCE027E02DEE00F88ED0 /* User.swift */ = {isa = PBXFileReference; lastKnownFileType = sourcecode.swift; path = User.swift; sourceTree = "<group>"; };
		30C6FCE427E0303F00F88ED0 /* UserService.swift */ = {isa = PBXFileReference; lastKnownFileType = sourcecode.swift; path = UserService.swift; sourceTree = "<group>"; };
		AF54A0DA295B212A002073CB /* EventDetail.swift */ = {isa = PBXFileReference; lastKnownFileType = sourcecode.swift; path = EventDetail.swift; sourceTree = "<group>"; };
		AF54A0DD295B229B002073CB /* AsyncImage.swift */ = {isa = PBXFileReference; lastKnownFileType = sourcecode.swift; path = AsyncImage.swift; sourceTree = "<group>"; };
		AFFF5A9B294D3A6A00F46725 /* GoogleService-Info.plist */ = {isa = PBXFileReference; fileEncoding = 4; lastKnownFileType = text.plist.xml; name = "GoogleService-Info.plist"; path = "../../../../../Downloads/GoogleService-Info.plist"; sourceTree = "<group>"; };
		AFFF5A9D294D562700F46725 /* EventResponse.swift */ = {isa = PBXFileReference; lastKnownFileType = sourcecode.swift; path = EventResponse.swift; sourceTree = "<group>"; };
		AFFF8490294D5B8700B09100 /* MarvelEventListViewModel.swift */ = {isa = PBXFileReference; lastKnownFileType = sourcecode.swift; path = MarvelEventListViewModel.swift; sourceTree = "<group>"; };
		AFFF8492294D5C0400B09100 /* MarvelEventViewModel.swift */ = {isa = PBXFileReference; lastKnownFileType = sourcecode.swift; path = MarvelEventViewModel.swift; sourceTree = "<group>"; };
/* End PBXFileReference section */

/* Begin PBXFrameworksBuildPhase section */
		303A3E0527DE37F200BC8D02 /* Frameworks */ = {
			isa = PBXFrameworksBuildPhase;
			buildActionMask = 2147483647;
			files = (
				303A3E3827DE3F0800BC8D02 /* FirebaseStorage in Frameworks */,
				303A3E3A27DE3F0800BC8D02 /* FirebaseAuth in Frameworks */,
				303A3E3E27DE3F0800BC8D02 /* FirebaseDatabase in Frameworks */,
				303A3E3C27DE3F0800BC8D02 /* FirebaseFirestore in Frameworks */,
				303A3E4127DE3F4A00BC8D02 /* SDWebImage in Frameworks */,
			);
			runOnlyForDeploymentPostprocessing = 0;
		};
/* End PBXFrameworksBuildPhase section */

/* Begin PBXGroup section */
		303A3DFF27DE37F200BC8D02 = {
			isa = PBXGroup;
			children = (
				303A3E0A27DE37F200BC8D02 /* MarvelApp */,
				303A3E0927DE37F200BC8D02 /* Products */,
			);
			sourceTree = "<group>";
		};
		303A3E0927DE37F200BC8D02 /* Products */ = {
			isa = PBXGroup;
			children = (
				303A3E0827DE37F200BC8D02 /* MarvelApp.app */,
			);
			name = Products;
			sourceTree = "<group>";
		};
		303A3E0A27DE37F200BC8D02 /* MarvelApp */ = {
			isa = PBXGroup;
			children = (
				303A3E1F27DE380A00BC8D02 /* Model */,
				303A3E2027DE381200BC8D02 /* View */,
				303A3E2127DE381600BC8D02 /* ViewModel */,
				303A3E2227DE381D00BC8D02 /* Controller */,
				303A3E2427DE382700BC8D02 /* Utils */,
				303A3E2327DE382200BC8D02 /* API */,
				303A3E0B27DE37F200BC8D02 /* AppDelegate.swift */,
				303A3E0D27DE37F200BC8D02 /* SceneDelegate.swift */,
				303A3E0F27DE37F200BC8D02 /* ViewController.swift */,
				303A3E1127DE37F200BC8D02 /* Main.storyboard */,
				303A3E1427DE37F300BC8D02 /* Assets.xcassets */,
				303A3E1627DE37F300BC8D02 /* LaunchScreen.storyboard */,
				AFFF5A9B294D3A6A00F46725 /* GoogleService-Info.plist */,
				303A3E1927DE37F300BC8D02 /* Info.plist */,
			);
			path = MarvelApp;
			sourceTree = "<group>";
		};
		303A3E1F27DE380A00BC8D02 /* Model */ = {
			isa = PBXGroup;
			children = (
				30C6FCDC27E0237A00F88ED0 /* AuthCredentialsModel.swift */,
				30C6FCE027E02DEE00F88ED0 /* User.swift */,
				30B0725E27E7F291003B14AA /* MarvelResponse.swift */,
				AFFF5A9D294D562700F46725 /* EventResponse.swift */,
			);
			path = Model;
			sourceTree = "<group>";
		};
		303A3E2027DE381200BC8D02 /* View */ = {
			isa = PBXGroup;
			children = (
				AF54A0D9295B208A002073CB /* EventDetail */,
				30C6FCCF27DFCDA600F88ED0 /* CharacterDetail */,
				30C6FCCA27DFB47800F88ED0 /* Profile */,
				30C6FCC327DF75EC00F88ED0 /* EventCell */,
				30C6FCBD27DE60E200F88ED0 /* CustomTextField.swift */,
				30C6FCBF27DED73400F88ED0 /* CharacterCell.swift */,
			);
			path = View;
			sourceTree = "<group>";
		};
		303A3E2127DE381600BC8D02 /* ViewModel */ = {
			isa = PBXGroup;
			children = (
				30C6FCDE27E026E200F88ED0 /* AuthenticationViewModel.swift */,
				30B0726227E7FBA1003B14AA /* MarvelCharacterListViewModel.swift */,
				30B0726427E7FBAF003B14AA /* MarvelCharacterViewModel.swift */,
				AFFF8490294D5B8700B09100 /* MarvelEventListViewModel.swift */,
				AFFF8492294D5C0400B09100 /* MarvelEventViewModel.swift */,
			);
			path = ViewModel;
			sourceTree = "<group>";
		};
		303A3E2227DE381D00BC8D02 /* Controller */ = {
			isa = PBXGroup;
			children = (
				303A3E2727DE394300BC8D02 /* Authentication */,
				303A3E2527DE388800BC8D02 /* MainTabController.swift */,
				303A3E2C27DE39FF00BC8D02 /* CharactersController.swift */,
				303A3E2E27DE3A2500BC8D02 /* MarvelEventsController.swift */,
				303A3E3027DE3A4200BC8D02 /* ProfileController.swift */,
			);
			path = Controller;
			sourceTree = "<group>";
		};
		303A3E2327DE382200BC8D02 /* API */ = {
			isa = PBXGroup;
			children = (
				30C6FCDA27E022F500F88ED0 /* AuthService.swift */,
				30C6FCE427E0303F00F88ED0 /* UserService.swift */,
				30B0726027E7F3FF003B14AA /* DataManager.swift */,
			);
			path = API;
			sourceTree = "<group>";
		};
		303A3E2427DE382700BC8D02 /* Utils */ = {
			isa = PBXGroup;
			children = (
				AF54A0DC295B2289002073CB /* Views */,
				303A3E3227DE3A8900BC8D02 /* Extensions.swift */,
				303A3E3427DE3A9000BC8D02 /* Constants.swift */,
			);
			path = Utils;
			sourceTree = "<group>";
		};
		303A3E2727DE394300BC8D02 /* Authentication */ = {
			isa = PBXGroup;
			children = (
				303A3E2827DE395D00BC8D02 /* LoginController.swift */,
				303A3E2A27DE399B00BC8D02 /* RegistrationController.swift */,
			);
			path = Authentication;
			sourceTree = "<group>";
		};
		30C6FCC327DF75EC00F88ED0 /* EventCell */ = {
			isa = PBXGroup;
			children = (
				30C6FCC627DF76B900F88ED0 /* EventCell.swift */,
				30C6FCC727DF76B900F88ED0 /* EventCell.xib */,
			);
			path = EventCell;
			sourceTree = "<group>";
		};
		30C6FCCA27DFB47800F88ED0 /* Profile */ = {
			isa = PBXGroup;
			children = (
				30C6FCCB27DFB49E00F88ED0 /* ProfileCell.swift */,
				30C6FCCD27DFB4AB00F88ED0 /* ProfileHeader.swift */,
			);
			path = Profile;
			sourceTree = "<group>";
		};
		30C6FCCF27DFCDA600F88ED0 /* CharacterDetail */ = {
			isa = PBXGroup;
			children = (
				30C6FCD027DFCDE600F88ED0 /* CharacterDetailViewController.swift */,
				30C6FCD127DFCDE600F88ED0 /* CharacterDetailViewController.xib */,
			);
			path = CharacterDetail;
			sourceTree = "<group>";
		};
		AF54A0D9295B208A002073CB /* EventDetail */ = {
			isa = PBXGroup;
			children = (
				AF54A0DA295B212A002073CB /* EventDetail.swift */,
			);
			path = EventDetail;
			sourceTree = "<group>";
		};
		AF54A0DC295B2289002073CB /* Views */ = {
			isa = PBXGroup;
			children = (
				AF54A0DD295B229B002073CB /* AsyncImage.swift */,
			);
			path = Views;
			sourceTree = "<group>";
		};
/* End PBXGroup section */

/* Begin PBXNativeTarget section */
		303A3E0727DE37F200BC8D02 /* MarvelApp */ = {
			isa = PBXNativeTarget;
			buildConfigurationList = 303A3E1C27DE37F300BC8D02 /* Build configuration list for PBXNativeTarget "MarvelApp" */;
			buildPhases = (
				303A3E0427DE37F200BC8D02 /* Sources */,
				303A3E0527DE37F200BC8D02 /* Frameworks */,
				303A3E0627DE37F200BC8D02 /* Resources */,
			);
			buildRules = (
			);
			dependencies = (
			);
			name = MarvelApp;
			packageProductDependencies = (
				303A3E3727DE3F0800BC8D02 /* FirebaseStorage */,
				303A3E3927DE3F0800BC8D02 /* FirebaseAuth */,
				303A3E3B27DE3F0800BC8D02 /* FirebaseFirestore */,
				303A3E3D27DE3F0800BC8D02 /* FirebaseDatabase */,
				303A3E4027DE3F4A00BC8D02 /* SDWebImage */,
			);
			productName = MarvelApp;
			productReference = 303A3E0827DE37F200BC8D02 /* MarvelApp.app */;
			productType = "com.apple.product-type.application";
		};
/* End PBXNativeTarget section */

/* Begin PBXProject section */
		303A3E0027DE37F200BC8D02 /* Project object */ = {
			isa = PBXProject;
			attributes = {
				LastSwiftUpdateCheck = 1250;
				LastUpgradeCheck = 1250;
				TargetAttributes = {
					303A3E0727DE37F200BC8D02 = {
						CreatedOnToolsVersion = 12.5.1;
					};
				};
			};
			buildConfigurationList = 303A3E0327DE37F200BC8D02 /* Build configuration list for PBXProject "MarvelApp" */;
			compatibilityVersion = "Xcode 9.3";
			developmentRegion = en;
			hasScannedForEncodings = 0;
			knownRegions = (
				en,
				Base,
			);
			mainGroup = 303A3DFF27DE37F200BC8D02;
			packageReferences = (
				303A3E3627DE3F0800BC8D02 /* XCRemoteSwiftPackageReference "firebase-ios-sdk" */,
				303A3E3F27DE3F4A00BC8D02 /* XCRemoteSwiftPackageReference "SDWebImage" */,
			);
			productRefGroup = 303A3E0927DE37F200BC8D02 /* Products */;
			projectDirPath = "";
			projectRoot = "";
			targets = (
				303A3E0727DE37F200BC8D02 /* MarvelApp */,
			);
		};
/* End PBXProject section */

/* Begin PBXResourcesBuildPhase section */
		303A3E0627DE37F200BC8D02 /* Resources */ = {
			isa = PBXResourcesBuildPhase;
			buildActionMask = 2147483647;
			files = (
				30C6FCD327DFCDE600F88ED0 /* CharacterDetailViewController.xib in Resources */,
				303A3E1827DE37F300BC8D02 /* LaunchScreen.storyboard in Resources */,
				303A3E1527DE37F300BC8D02 /* Assets.xcassets in Resources */,
				303A3E1327DE37F200BC8D02 /* Main.storyboard in Resources */,
				30C6FCC927DF76BA00F88ED0 /* EventCell.xib in Resources */,
				AFFF5A9C294D3A6A00F46725 /* GoogleService-Info.plist in Resources */,
			);
			runOnlyForDeploymentPostprocessing = 0;
		};
/* End PBXResourcesBuildPhase section */

/* Begin PBXSourcesBuildPhase section */
		303A3E0427DE37F200BC8D02 /* Sources */ = {
			isa = PBXSourcesBuildPhase;
			buildActionMask = 2147483647;
			files = (
				303A3E1027DE37F200BC8D02 /* ViewController.swift in Sources */,
				30B0726127E7F3FF003B14AA /* DataManager.swift in Sources */,
				303A3E3527DE3A9000BC8D02 /* Constants.swift in Sources */,
				30C6FCC827DF76BA00F88ED0 /* EventCell.swift in Sources */,
				30C6FCDB27E022F500F88ED0 /* AuthService.swift in Sources */,
				303A3E2D27DE39FF00BC8D02 /* CharactersController.swift in Sources */,
				30B0726327E7FBA1003B14AA /* MarvelCharacterListViewModel.swift in Sources */,
				303A3E0C27DE37F200BC8D02 /* AppDelegate.swift in Sources */,
				AFFF8493294D5C0400B09100 /* MarvelEventViewModel.swift in Sources */,
				30C6FCE527E0303F00F88ED0 /* UserService.swift in Sources */,
				30B0726527E7FBAF003B14AA /* MarvelCharacterViewModel.swift in Sources */,
				AFFF8491294D5B8700B09100 /* MarvelEventListViewModel.swift in Sources */,
				30C6FCDD27E0237A00F88ED0 /* AuthCredentialsModel.swift in Sources */,
				30B0725F27E7F291003B14AA /* MarvelResponse.swift in Sources */,
				303A3E2627DE388800BC8D02 /* MainTabController.swift in Sources */,
				303A3E0E27DE37F200BC8D02 /* SceneDelegate.swift in Sources */,
				303A3E3327DE3A8900BC8D02 /* Extensions.swift in Sources */,
				30C6FCCE27DFB4AB00F88ED0 /* ProfileHeader.swift in Sources */,
				30C6FCD227DFCDE600F88ED0 /* CharacterDetailViewController.swift in Sources */,
				AF54A0DE295B229B002073CB /* AsyncImage.swift in Sources */,
				303A3E3127DE3A4200BC8D02 /* ProfileController.swift in Sources */,
				30C6FCCC27DFB49E00F88ED0 /* ProfileCell.swift in Sources */,
				30C6FCC027DED73400F88ED0 /* CharacterCell.swift in Sources */,
				30C6FCBE27DE60E200F88ED0 /* CustomTextField.swift in Sources */,
				AF54A0DB295B212A002073CB /* EventDetail.swift in Sources */,
				AFFF5A9E294D562700F46725 /* EventResponse.swift in Sources */,
				30C6FCDF27E026E200F88ED0 /* AuthenticationViewModel.swift in Sources */,
				303A3E2B27DE399B00BC8D02 /* RegistrationController.swift in Sources */,
				303A3E2927DE395D00BC8D02 /* LoginController.swift in Sources */,
				303A3E2F27DE3A2500BC8D02 /* MarvelEventsController.swift in Sources */,
				30C6FCE127E02DEE00F88ED0 /* User.swift in Sources */,
			);
			runOnlyForDeploymentPostprocessing = 0;
		};
/* End PBXSourcesBuildPhase section */

/* Begin PBXVariantGroup section */
		303A3E1127DE37F200BC8D02 /* Main.storyboard */ = {
			isa = PBXVariantGroup;
			children = (
				303A3E1227DE37F200BC8D02 /* Base */,
			);
			name = Main.storyboard;
			sourceTree = "<group>";
		};
		303A3E1627DE37F300BC8D02 /* LaunchScreen.storyboard */ = {
			isa = PBXVariantGroup;
			children = (
				303A3E1727DE37F300BC8D02 /* Base */,
			);
			name = LaunchScreen.storyboard;
			sourceTree = "<group>";
		};
/* End PBXVariantGroup section */

/* Begin XCBuildConfiguration section */
		303A3E1A27DE37F300BC8D02 /* Debug */ = {
			isa = XCBuildConfiguration;
			buildSettings = {
				ALWAYS_SEARCH_USER_PATHS = NO;
				CLANG_ANALYZER_NONNULL = YES;
				CLANG_ANALYZER_NUMBER_OBJECT_CONVERSION = YES_AGGRESSIVE;
				CLANG_CXX_LANGUAGE_STANDARD = "gnu++14";
				CLANG_CXX_LIBRARY = "libc++";
				CLANG_ENABLE_MODULES = YES;
				CLANG_ENABLE_OBJC_ARC = YES;
				CLANG_ENABLE_OBJC_WEAK = YES;
				CLANG_WARN_BLOCK_CAPTURE_AUTORELEASING = YES;
				CLANG_WARN_BOOL_CONVERSION = YES;
				CLANG_WARN_COMMA = YES;
				CLANG_WARN_CONSTANT_CONVERSION = YES;
				CLANG_WARN_DEPRECATED_OBJC_IMPLEMENTATIONS = YES;
				CLANG_WARN_DIRECT_OBJC_ISA_USAGE = YES_ERROR;
				CLANG_WARN_DOCUMENTATION_COMMENTS = YES;
				CLANG_WARN_EMPTY_BODY = YES;
				CLANG_WARN_ENUM_CONVERSION = YES;
				CLANG_WARN_INFINITE_RECURSION = YES;
				CLANG_WARN_INT_CONVERSION = YES;
				CLANG_WARN_NON_LITERAL_NULL_CONVERSION = YES;
				CLANG_WARN_OBJC_IMPLICIT_RETAIN_SELF = YES;
				CLANG_WARN_OBJC_LITERAL_CONVERSION = YES;
				CLANG_WARN_OBJC_ROOT_CLASS = YES_ERROR;
				CLANG_WARN_QUOTED_INCLUDE_IN_FRAMEWORK_HEADER = YES;
				CLANG_WARN_RANGE_LOOP_ANALYSIS = YES;
				CLANG_WARN_STRICT_PROTOTYPES = YES;
				CLANG_WARN_SUSPICIOUS_MOVE = YES;
				CLANG_WARN_UNGUARDED_AVAILABILITY = YES_AGGRESSIVE;
				CLANG_WARN_UNREACHABLE_CODE = YES;
				CLANG_WARN__DUPLICATE_METHOD_MATCH = YES;
				COPY_PHASE_STRIP = NO;
				DEBUG_INFORMATION_FORMAT = dwarf;
				ENABLE_STRICT_OBJC_MSGSEND = YES;
				ENABLE_TESTABILITY = YES;
				GCC_C_LANGUAGE_STANDARD = gnu11;
				GCC_DYNAMIC_NO_PIC = NO;
				GCC_NO_COMMON_BLOCKS = YES;
				GCC_OPTIMIZATION_LEVEL = 0;
				GCC_PREPROCESSOR_DEFINITIONS = (
					"DEBUG=1",
					"$(inherited)",
				);
				GCC_WARN_64_TO_32_BIT_CONVERSION = YES;
				GCC_WARN_ABOUT_RETURN_TYPE = YES_ERROR;
				GCC_WARN_UNDECLARED_SELECTOR = YES;
				GCC_WARN_UNINITIALIZED_AUTOS = YES_AGGRESSIVE;
				GCC_WARN_UNUSED_FUNCTION = YES;
				GCC_WARN_UNUSED_VARIABLE = YES;
				IPHONEOS_DEPLOYMENT_TARGET = 14.5;
				MTL_ENABLE_DEBUG_INFO = INCLUDE_SOURCE;
				MTL_FAST_MATH = YES;
				ONLY_ACTIVE_ARCH = YES;
				SDKROOT = iphoneos;
				SWIFT_ACTIVE_COMPILATION_CONDITIONS = DEBUG;
				SWIFT_OPTIMIZATION_LEVEL = "-Onone";
			};
			name = Debug;
		};
		303A3E1B27DE37F300BC8D02 /* Release */ = {
			isa = XCBuildConfiguration;
			buildSettings = {
				ALWAYS_SEARCH_USER_PATHS = NO;
				CLANG_ANALYZER_NONNULL = YES;
				CLANG_ANALYZER_NUMBER_OBJECT_CONVERSION = YES_AGGRESSIVE;
				CLANG_CXX_LANGUAGE_STANDARD = "gnu++14";
				CLANG_CXX_LIBRARY = "libc++";
				CLANG_ENABLE_MODULES = YES;
				CLANG_ENABLE_OBJC_ARC = YES;
				CLANG_ENABLE_OBJC_WEAK = YES;
				CLANG_WARN_BLOCK_CAPTURE_AUTORELEASING = YES;
				CLANG_WARN_BOOL_CONVERSION = YES;
				CLANG_WARN_COMMA = YES;
				CLANG_WARN_CONSTANT_CONVERSION = YES;
				CLANG_WARN_DEPRECATED_OBJC_IMPLEMENTATIONS = YES;
				CLANG_WARN_DIRECT_OBJC_ISA_USAGE = YES_ERROR;
				CLANG_WARN_DOCUMENTATION_COMMENTS = YES;
				CLANG_WARN_EMPTY_BODY = YES;
				CLANG_WARN_ENUM_CONVERSION = YES;
				CLANG_WARN_INFINITE_RECURSION = YES;
				CLANG_WARN_INT_CONVERSION = YES;
				CLANG_WARN_NON_LITERAL_NULL_CONVERSION = YES;
				CLANG_WARN_OBJC_IMPLICIT_RETAIN_SELF = YES;
				CLANG_WARN_OBJC_LITERAL_CONVERSION = YES;
				CLANG_WARN_OBJC_ROOT_CLASS = YES_ERROR;
				CLANG_WARN_QUOTED_INCLUDE_IN_FRAMEWORK_HEADER = YES;
				CLANG_WARN_RANGE_LOOP_ANALYSIS = YES;
				CLANG_WARN_STRICT_PROTOTYPES = YES;
				CLANG_WARN_SUSPICIOUS_MOVE = YES;
				CLANG_WARN_UNGUARDED_AVAILABILITY = YES_AGGRESSIVE;
				CLANG_WARN_UNREACHABLE_CODE = YES;
				CLANG_WARN__DUPLICATE_METHOD_MATCH = YES;
				COPY_PHASE_STRIP = NO;
				DEBUG_INFORMATION_FORMAT = "dwarf-with-dsym";
				ENABLE_NS_ASSERTIONS = NO;
				ENABLE_STRICT_OBJC_MSGSEND = YES;
				GCC_C_LANGUAGE_STANDARD = gnu11;
				GCC_NO_COMMON_BLOCKS = YES;
				GCC_WARN_64_TO_32_BIT_CONVERSION = YES;
				GCC_WARN_ABOUT_RETURN_TYPE = YES_ERROR;
				GCC_WARN_UNDECLARED_SELECTOR = YES;
				GCC_WARN_UNINITIALIZED_AUTOS = YES_AGGRESSIVE;
				GCC_WARN_UNUSED_FUNCTION = YES;
				GCC_WARN_UNUSED_VARIABLE = YES;
				IPHONEOS_DEPLOYMENT_TARGET = 14.5;
				MTL_ENABLE_DEBUG_INFO = NO;
				MTL_FAST_MATH = YES;
				SDKROOT = iphoneos;
				SWIFT_COMPILATION_MODE = wholemodule;
				SWIFT_OPTIMIZATION_LEVEL = "-O";
				VALIDATE_PRODUCT = YES;
			};
			name = Release;
		};
		303A3E1D27DE37F300BC8D02 /* Debug */ = {
			isa = XCBuildConfiguration;
			buildSettings = {
				ASSETCATALOG_COMPILER_APPICON_NAME = AppIcon;
				ASSETCATALOG_COMPILER_GLOBAL_ACCENT_COLOR_NAME = AccentColor;
				CODE_SIGN_STYLE = Automatic;
				DEVELOPMENT_TEAM = 3AZ6WZHZNJ;
				INFOPLIST_FILE = MarvelApp/Info.plist;
				LD_RUNPATH_SEARCH_PATHS = (
					"$(inherited)",
					"@executable_path/Frameworks",
				);
				PRODUCT_BUNDLE_IDENTIFIER = com.JulioRobles.MarvelApp;
				PRODUCT_NAME = "$(TARGET_NAME)";
				SWIFT_VERSION = 5.0;
				TARGETED_DEVICE_FAMILY = "1,2";
			};
			name = Debug;
		};
		303A3E1E27DE37F300BC8D02 /* Release */ = {
			isa = XCBuildConfiguration;
			buildSettings = {
				ASSETCATALOG_COMPILER_APPICON_NAME = AppIcon;
				ASSETCATALOG_COMPILER_GLOBAL_ACCENT_COLOR_NAME = AccentColor;
				CODE_SIGN_STYLE = Automatic;
				DEVELOPMENT_TEAM = 3AZ6WZHZNJ;
				INFOPLIST_FILE = MarvelApp/Info.plist;
				LD_RUNPATH_SEARCH_PATHS = (
					"$(inherited)",
					"@executable_path/Frameworks",
				);
				PRODUCT_BUNDLE_IDENTIFIER = com.JulioRobles.MarvelApp;
				PRODUCT_NAME = "$(TARGET_NAME)";
				SWIFT_VERSION = 5.0;
				TARGETED_DEVICE_FAMILY = "1,2";
			};
			name = Release;
		};
/* End XCBuildConfiguration section */

/* Begin XCConfigurationList section */
		303A3E0327DE37F200BC8D02 /* Build configuration list for PBXProject "MarvelApp" */ = {
			isa = XCConfigurationList;
			buildConfigurations = (
				303A3E1A27DE37F300BC8D02 /* Debug */,
				303A3E1B27DE37F300BC8D02 /* Release */,
			);
			defaultConfigurationIsVisible = 0;
			defaultConfigurationName = Release;
		};
		303A3E1C27DE37F300BC8D02 /* Build configuration list for PBXNativeTarget "MarvelApp" */ = {
			isa = XCConfigurationList;
			buildConfigurations = (
				303A3E1D27DE37F300BC8D02 /* Debug */,
				303A3E1E27DE37F300BC8D02 /* Release */,
			);
			defaultConfigurationIsVisible = 0;
			defaultConfigurationName = Release;
		};
/* End XCConfigurationList section */

/* Begin XCRemoteSwiftPackageReference section */
		303A3E3627DE3F0800BC8D02 /* XCRemoteSwiftPackageReference "firebase-ios-sdk" */ = {
			isa = XCRemoteSwiftPackageReference;
			repositoryURL = "https://github.com/firebase/firebase-ios-sdk";
			requirement = {
				kind = upToNextMajorVersion;
				minimumVersion = 8.13.0;
			};
		};
		303A3E3F27DE3F4A00BC8D02 /* XCRemoteSwiftPackageReference "SDWebImage" */ = {
			isa = XCRemoteSwiftPackageReference;
			repositoryURL = "https://github.com/SDWebImage/SDWebImage";
			requirement = {
				kind = upToNextMajorVersion;
				minimumVersion = 5.12.4;
			};
		};
/* End XCRemoteSwiftPackageReference section */

/* Begin XCSwiftPackageProductDependency section */
		303A3E3727DE3F0800BC8D02 /* FirebaseStorage */ = {
			isa = XCSwiftPackageProductDependency;
			package = 303A3E3627DE3F0800BC8D02 /* XCRemoteSwiftPackageReference "firebase-ios-sdk" */;
			productName = FirebaseStorage;
		};
		303A3E3927DE3F0800BC8D02 /* FirebaseAuth */ = {
			isa = XCSwiftPackageProductDependency;
			package = 303A3E3627DE3F0800BC8D02 /* XCRemoteSwiftPackageReference "firebase-ios-sdk" */;
			productName = FirebaseAuth;
		};
		303A3E3B27DE3F0800BC8D02 /* FirebaseFirestore */ = {
			isa = XCSwiftPackageProductDependency;
			package = 303A3E3627DE3F0800BC8D02 /* XCRemoteSwiftPackageReference "firebase-ios-sdk" */;
			productName = FirebaseFirestore;
		};
		303A3E3D27DE3F0800BC8D02 /* FirebaseDatabase */ = {
			isa = XCSwiftPackageProductDependency;
			package = 303A3E3627DE3F0800BC8D02 /* XCRemoteSwiftPackageReference "firebase-ios-sdk" */;
			productName = FirebaseDatabase;
		};
		303A3E4027DE3F4A00BC8D02 /* SDWebImage */ = {
			isa = XCSwiftPackageProductDependency;
			package = 303A3E3F27DE3F4A00BC8D02 /* XCRemoteSwiftPackageReference "SDWebImage" */;
			productName = SDWebImage;
		};
/* End XCSwiftPackageProductDependency section */
	};
	rootObject = 303A3E0027DE37F200BC8D02 /* Project object */;
}
